
Microsoft Visual Studio Solution File, Format Version 12.00
# Visual Studio Version 17
VisualStudioVersion = 17.5.002.0
MinimumVisualStudioVersion = 10.0.40219.1
Project("{9A19103F-16F7-4668-BE54-9A1E7A4F7556}") = "FacturaTallerMVC", "FacturaTallerMVC.csproj", "{99E85787-7EF5-4C64-8E47-EB976A75FEB9}"
EndProject
Global
	GlobalSection(SolutionConfigurationPlatforms) = preSolution
		Debug|Any CPU = Debug|Any CPU
		Release|Any CPU = Release|Any CPU
	EndGlobalSection
	GlobalSection(ProjectConfigurationPlatforms) = postSolution
		{99E85787-7EF5-4C64-8E47-EB976A75FEB9}.Debug|Any CPU.ActiveCfg = Debug|Any CPU
		{99E85787-7EF5-4C64-8E47-EB976A75FEB9}.Debug|Any CPU.Build.0 = Debug|Any CPU
		{99E85787-7EF5-4C64-8E47-EB976A75FEB9}.Release|Any CPU.ActiveCfg = Release|Any CPU
		{99E85787-7EF5-4C64-8E47-EB976A75FEB9}.Release|Any CPU.Build.0 = Release|Any CPU
	EndGlobalSection
	GlobalSection(SolutionProperties) = preSolution
		HideSolutionNode = FALSE
	EndGlobalSection
	GlobalSection(ExtensibilityGlobals) = postSolution
		SolutionGuid = {AE2EECD8-197F-42BC-9C69-AE52C748CCC4}
	EndGlobalSection
EndGlobal
